
Microsoft Visual Studio Solution File, Format Version 12.00
# Visual Studio Version 17
VisualStudioVersion = 17.7.34024.191
MinimumVisualStudioVersion = 10.0.40219.1
Project("{FAE04EC0-301F-11D3-BF4B-00C04F79EFBC}") = "Calculadora C", "Calculadora C.csproj", "{3894EF96-B7AB-4103-9270-B6C17D4DEFD7}"
EndProject
Global
	GlobalSection(SolutionConfigurationPlatforms) = preSolution
		Debug|Any CPU = Debug|Any CPU
		Release|Any CPU = Release|Any CPU
	EndGlobalSection
	GlobalSection(ProjectConfigurationPlatforms) = postSolution
		{3894EF96-B7AB-4103-9270-B6C17D4DEFD7}.Debug|Any CPU.ActiveCfg = Debug|Any CPU
		{3894EF96-B7AB-4103-9270-B6C17D4DEFD7}.Debug|Any CPU.Build.0 = Debug|Any CPU
		{3894EF96-B7AB-4103-9270-B6C17D4DEFD7}.Release|Any CPU.ActiveCfg = Release|Any CPU
		{3894EF96-B7AB-4103-9270-B6C17D4DEFD7}.Release|Any CPU.Build.0 = Release|Any CPU
	EndGlobalSection
	GlobalSection(SolutionProperties) = preSolution
		HideSolutionNode = FALSE
	EndGlobalSection
	GlobalSection(ExtensibilityGlobals) = postSolution
		SolutionGuid = {56CAF974-FB88-4CB8-9BB8-17DF28046A62}
	EndGlobalSection
EndGlobal
